
Microsoft Visual Studio Solution File, Format Version 9.00
# Visual Studio 2005
Project("{FAE04EC0-301F-11D3-BF4B-00C04F79EFBC}") = "Board", "WindowsApplication2\Board.csproj", "{3940D5D9-814E-4A8B-B992-03ED5A33983A}"
EndProject
Global
	GlobalSection(SolutionConfigurationPlatforms) = preSolution
		Debug|Any CPU = Debug|Any CPU
		Release|Any CPU = Release|Any CPU
	EndGlobalSection
	GlobalSection(ProjectConfigurationPlatforms) = postSolution
		{3940D5D9-814E-4A8B-B992-03ED5A33983A}.Debug|Any CPU.ActiveCfg = Debug|Any CPU
		{3940D5D9-814E-4A8B-B992-03ED5A33983A}.Debug|Any CPU.Build.0 = Debug|Any CPU
		{3940D5D9-814E-4A8B-B992-03ED5A33983A}.Release|Any CPU.ActiveCfg = Release|Any CPU
		{3940D5D9-814E-4A8B-B992-03ED5A33983A}.Release|Any CPU.Build.0 = Release|Any CPU
	EndGlobalSection
	GlobalSection(SolutionProperties) = preSolution
		HideSolutionNode = FALSE
	EndGlobalSection
EndGlobal
