
Microsoft Visual Studio Solution File, Format Version 9.00
# Visual Studio 2005
Project("{FAE04EC0-301F-11D3-BF4B-00C04F79EFBC}") = "Weather.cs", "Weather.cs\Weather.cs.csproj", "{0AE9F666-8F60-4514-A95A-B05D5A478A23}"
EndProject
Global
	GlobalSection(SolutionConfigurationPlatforms) = preSolution
		Debug|Any CPU = Debug|Any CPU
		Release|Any CPU = Release|Any CPU
	EndGlobalSection
	GlobalSection(ProjectConfigurationPlatforms) = postSolution
		{0AE9F666-8F60-4514-A95A-B05D5A478A23}.Debug|Any CPU.ActiveCfg = Debug|Any CPU
		{0AE9F666-8F60-4514-A95A-B05D5A478A23}.Debug|Any CPU.Build.0 = Debug|Any CPU
		{0AE9F666-8F60-4514-A95A-B05D5A478A23}.Release|Any CPU.ActiveCfg = Release|Any CPU
		{0AE9F666-8F60-4514-A95A-B05D5A478A23}.Release|Any CPU.Build.0 = Release|Any CPU
	EndGlobalSection
	GlobalSection(SolutionProperties) = preSolution
		HideSolutionNode = FALSE
	EndGlobalSection
EndGlobal
